Microsoft Visual Studio Solution File, Format Version 11.00
# Visual Studio 2008

Project("{D264F8CA-2B79-2282-8372-8CD37BCFF9B8}") = "SpaceThingie", "Assembly-CSharp-vs.csproj", "{1142A582-4186-50D0-EB65-88D4EB8EF72F}"
EndProject
Project("{D264F8CA-2B79-2282-8372-8CD37BCFF9B8}") = "SpaceThingie", "Assembly-CSharp-Editor-vs.csproj", "{C4FA5AEA-27FC-592D-30C3-A6D9ADAA0538}"
EndProject
Global
	GlobalSection(SolutionConfigurationPlatforms) = preSolution
		Debug|Any CPU = Debug|Any CPU
		Release|Any CPU = Release|Any CPU
	EndGlobalSection
	GlobalSection(ProjectConfigurationPlatforms) = postSolution
		{1142A582-4186-50D0-EB65-88D4EB8EF72F}.Debug|Any CPU.ActiveCfg = Debug|Any CPU
		{1142A582-4186-50D0-EB65-88D4EB8EF72F}.Debug|Any CPU.Build.0 = Debug|Any CPU
		{1142A582-4186-50D0-EB65-88D4EB8EF72F}.Release|Any CPU.ActiveCfg = Release|Any CPU
		{1142A582-4186-50D0-EB65-88D4EB8EF72F}.Release|Any CPU.Build.0 = Release|Any CPU
		{C4FA5AEA-27FC-592D-30C3-A6D9ADAA0538}.Debug|Any CPU.ActiveCfg = Debug|Any CPU
		{C4FA5AEA-27FC-592D-30C3-A6D9ADAA0538}.Debug|Any CPU.Build.0 = Debug|Any CPU
		{C4FA5AEA-27FC-592D-30C3-A6D9ADAA0538}.Release|Any CPU.ActiveCfg = Release|Any CPU
		{C4FA5AEA-27FC-592D-30C3-A6D9ADAA0538}.Release|Any CPU.Build.0 = Release|Any CPU
	EndGlobalSection
	GlobalSection(SolutionProperties) = preSolution
		HideSolutionNode = FALSE
	EndGlobalSection
					GlobalSection(MonoDevelopProperties) = preSolution
		StartupItem = Assembly-CSharp.csproj
		Policies = $0
		$0.TextStylePolicy = $1
		$1.inheritsSet = null
		$1.scope = text/x-csharp
		$0.CSharpFormattingPolicy = $2
		$2.inheritsSet = Mono
		$2.inheritsScope = text/x-csharp
		$2.scope = text/x-csharp
		$0.TextStylePolicy = $3
		$3.FileWidth = 120
		$3.TabWidth = 4
		$3.EolMarker = Unix
		$3.inheritsSet = Mono
		$3.inheritsScope = text/plain
		$3.scope = text/plain
	EndGlobalSection

EndGlobal
